
Microsoft Visual Studio Solution File, Format Version 12.00
# Visual Studio Version 16
VisualStudioVersion = 16.0.809.7
MinimumVisualStudioVersion = 10.0.40219.1
Project("{FAE04EC0-301F-11D3-BF4B-00C04F79EFBC}") = "Teste_do_Léo", "Teste_do_Léo\Teste_do_Léo.csproj", "{D0A7F575-4F11-4577-81C0-367EE365BD03}"
EndProject
Project("{FAE04EC0-301F-11D3-BF4B-00C04F79EFBC}") = "Teste_do_Léo2", "Teste_do_Léo2\Teste_do_Léo2.csproj", "{5B2EDC30-ADC0-4719-A247-CAF8712A71C9}"
EndProject
Global
	GlobalSection(SolutionConfigurationPlatforms) = preSolution
		Debug|Any CPU = Debug|Any CPU
		Release|Any CPU = Release|Any CPU
	EndGlobalSection
	GlobalSection(ProjectConfigurationPlatforms) = postSolution
		{D0A7F575-4F11-4577-81C0-367EE365BD03}.Debug|Any CPU.ActiveCfg = Debug|Any CPU
		{D0A7F575-4F11-4577-81C0-367EE365BD03}.Debug|Any CPU.Build.0 = Debug|Any CPU
		{D0A7F575-4F11-4577-81C0-367EE365BD03}.Release|Any CPU.ActiveCfg = Release|Any CPU
		{D0A7F575-4F11-4577-81C0-367EE365BD03}.Release|Any CPU.Build.0 = Release|Any CPU
		{5B2EDC30-ADC0-4719-A247-CAF8712A71C9}.Debug|Any CPU.ActiveCfg = Debug|Any CPU
		{5B2EDC30-ADC0-4719-A247-CAF8712A71C9}.Debug|Any CPU.Build.0 = Debug|Any CPU
		{5B2EDC30-ADC0-4719-A247-CAF8712A71C9}.Release|Any CPU.ActiveCfg = Release|Any CPU
		{5B2EDC30-ADC0-4719-A247-CAF8712A71C9}.Release|Any CPU.Build.0 = Release|Any CPU
	EndGlobalSection
	GlobalSection(SolutionProperties) = preSolution
		HideSolutionNode = FALSE
	EndGlobalSection
	GlobalSection(ExtensibilityGlobals) = postSolution
		SolutionGuid = {4262B5B1-CAC4-43C5-8293-80A241D8CB18}
	EndGlobalSection
EndGlobal
